// !$*UTF8*$!
{
	archiveVersion = 1;
	classes = {
	};
	objectVersion = 48;
	objects = {

/* Begin PBXBuildFile section */
		73AFDF081F9157F900520BA0 /* AppDelegate.swift in Sources */ = {isa = PBXBuildFile; fileRef = 73AFDF071F9157F900520BA0 /* AppDelegate.swift */; };
		73AFDF0A1F9157F900520BA0 /* ViewController.swift in Sources */ = {isa = PBXBuildFile; fileRef = 73AFDF091F9157F900520BA0 /* ViewController.swift */; };
		73AFDF0D1F9157F900520BA0 /* Main.storyboard in Resources */ = {isa = PBXBuildFile; fileRef = 73AFDF0B1F9157F900520BA0 /* Main.storyboard */; };
		73AFDF0F1F9157F900520BA0 /* Assets.xcassets in Resources */ = {isa = PBXBuildFile; fileRef = 73AFDF0E1F9157F900520BA0 /* Assets.xcassets */; };
		73AFDF121F9157F900520BA0 /* LaunchScreen.storyboard in Resources */ = {isa = PBXBuildFile; fileRef = 73AFDF101F9157F900520BA0 /* LaunchScreen.storyboard */; };
		73AFDF1D1F9157F900520BA0 /* whitehouse_petitionsTests.swift in Sources */ = {isa = PBXBuildFile; fileRef = 73AFDF1C1F9157F900520BA0 /* whitehouse_petitionsTests.swift */; };
/* End PBXBuildFile section */

/* Begin PBXContainerItemProxy section */
		73AFDF191F9157F900520BA0 /* PBXContainerItemProxy */ = {
			isa = PBXContainerItemProxy;
			containerPortal = 73AFDEFC1F9157F900520BA0 /* Project object */;
			proxyType = 1;
			remoteGlobalIDString = 73AFDF031F9157F900520BA0;
			remoteInfo = whitehouse_petitions;
		};
/* End PBXContainerItemProxy section */

/* Begin PBXFileReference section */
		73AFDF041F9157F900520BA0 /* whitehouse_petitions.app */ = {isa = PBXFileReference; explicitFileType = wrapper.application; includeInIndex = 0; path = whitehouse_petitions.app; sourceTree = BUILT_PRODUCTS_DIR; };
		73AFDF071F9157F900520BA0 /* AppDelegate.swift */ = {isa = PBXFileReference; lastKnownFileType = sourcecode.swift; path = AppDelegate.swift; sourceTree = "<group>"; };
		73AFDF091F9157F900520BA0 /* ViewController.swift */ = {isa = PBXFileReference; lastKnownFileType = sourcecode.swift; path = ViewController.swift; sourceTree = "<group>"; };
		73AFDF0C1F9157F900520BA0 /* Base */ = {isa = PBXFileReference; lastKnownFileType = file.storyboard; name = Base; path = Base.lproj/Main.storyboard; sourceTree = "<group>"; };
		73AFDF0E1F9157F900520BA0 /* Assets.xcassets */ = {isa = PBXFileReference; lastKnownFileType = folder.assetcatalog; path = Assets.xcassets; sourceTree = "<group>"; };
		73AFDF111F9157F900520BA0 /* Base */ = {isa = PBXFileReference; lastKnownFileType = file.storyboard; name = Base; path = Base.lproj/LaunchScreen.storyboard; sourceTree = "<group>"; };
		73AFDF131F9157F900520BA0 /* Info.plist */ = {isa = PBXFileReference; lastKnownFileType = text.plist.xml; path = Info.plist; sourceTree = "<group>"; };
		73AFDF181F9157F900520BA0 /* whitehouse_petitionsTests.xctest */ = {isa = PBXFileReference; explicitFileType = wrapper.cfbundle; includeInIndex = 0; path = whitehouse_petitionsTests.xctest; sourceTree = BUILT_PRODUCTS_DIR; };
		73AFDF1C1F9157F900520BA0 /* whitehouse_petitionsTests.swift */ = {isa = PBXFileReference; lastKnownFileType = sourcecode.swift; path = whitehouse_petitionsTests.swift; sourceTree = "<group>"; };
		73AFDF1E1F9157F900520BA0 /* Info.plist */ = {isa = PBXFileReference; lastKnownFileType = text.plist.xml; path = Info.plist; sourceTree = "<group>"; };
/* End PBXFileReference section */

/* Begin PBXFrameworksBuildPhase section */
		73AFDF011F9157F900520BA0 /* Frameworks */ = {
			isa = PBXFrameworksBuildPhase;
			buildActionMask = 2147483647;
			files = (
			);
			runOnlyForDeploymentPostprocessing = 0;
		};
		73AFDF151F9157F900520BA0 /* Frameworks */ = {
			isa = PBXFrameworksBuildPhase;
			buildActionMask = 2147483647;
			files = (
			);
			runOnlyForDeploymentPostprocessing = 0;
		};
/* End PBXFrameworksBuildPhase section */

/* Begin PBXGroup section */
		73AFDEFB1F9157F900520BA0 = {
			isa = PBXGroup;
			children = (
				73AFDF061F9157F900520BA0 /* whitehouse_petitions */,
				73AFDF1B1F9157F900520BA0 /* whitehouse_petitionsTests */,
				73AFDF051F9157F900520BA0 /* Products */,
			);
			sourceTree = "<group>";
		};
		73AFDF051F9157F900520BA0 /* Products */ = {
			isa = PBXGroup;
			children = (
				73AFDF041F9157F900520BA0 /* whitehouse_petitions.app */,
				73AFDF181F9157F900520BA0 /* whitehouse_petitionsTests.xctest */,
			);
			name = Products;
			sourceTree = "<group>";
		};
		73AFDF061F9157F900520BA0 /* whitehouse_petitions */ = {
			isa = PBXGroup;
			children = (
				73AFDF071F9157F900520BA0 /* AppDelegate.swift */,
				73AFDF091F9157F900520BA0 /* ViewController.swift */,
				73AFDF0B1F9157F900520BA0 /* Main.storyboard */,
				73AFDF0E1F9157F900520BA0 /* Assets.xcassets */,
				73AFDF101F9157F900520BA0 /* LaunchScreen.storyboard */,
				73AFDF131F9157F900520BA0 /* Info.plist */,
			);
			path = whitehouse_petitions;
			sourceTree = "<group>";
		};
		73AFDF1B1F9157F900520BA0 /* whitehouse_petitionsTests */ = {
			isa = PBXGroup;
			children = (
				73AFDF1C1F9157F900520BA0 /* whitehouse_petitionsTests.swift */,
				73AFDF1E1F9157F900520BA0 /* Info.plist */,
			);
			path = whitehouse_petitionsTests;
			sourceTree = "<group>";
		};
/* End PBXGroup section */

/* Begin PBXNativeTarget section */
		73AFDF031F9157F900520BA0 /* whitehouse_petitions */ = {
			isa = PBXNativeTarget;
			buildConfigurationList = 73AFDF211F9157F900520BA0 /* Build configuration list for PBXNativeTarget "whitehouse_petitions" */;
			buildPhases = (
				73AFDF001F9157F900520BA0 /* Sources */,
				73AFDF011F9157F900520BA0 /* Frameworks */,
				73AFDF021F9157F900520BA0 /* Resources */,
			);
			buildRules = (
			);
			dependencies = (
			);
			name = whitehouse_petitions;
			productName = whitehouse_petitions;
			productReference = 73AFDF041F9157F900520BA0 /* whitehouse_petitions.app */;
			productType = "com.apple.product-type.application";
		};
		73AFDF171F9157F900520BA0 /* whitehouse_petitionsTests */ = {
			isa = PBXNativeTarget;
			buildConfigurationList = 73AFDF241F9157F900520BA0 /* Build configuration list for PBXNativeTarget "whitehouse_petitionsTests" */;
			buildPhases = (
				73AFDF141F9157F900520BA0 /* Sources */,
				73AFDF151F9157F900520BA0 /* Frameworks */,
				73AFDF161F9157F900520BA0 /* Resources */,
			);
			buildRules = (
			);
			dependencies = (
				73AFDF1A1F9157F900520BA0 /* PBXTargetDependency */,
			);
			name = whitehouse_petitionsTests;
			productName = whitehouse_petitionsTests;
			productReference = 73AFDF181F9157F900520BA0 /* whitehouse_petitionsTests.xctest */;
			productType = "com.apple.product-type.bundle.unit-test";
		};
/* End PBXNativeTarget section */

/* Begin PBXProject section */
		73AFDEFC1F9157F900520BA0 /* Project object */ = {
			isa = PBXProject;
			attributes = {
				LastSwiftUpdateCheck = 0900;
				LastUpgradeCheck = 0900;
				ORGANIZATIONNAME = "Erin Moon";
				TargetAttributes = {
					73AFDF031F9157F900520BA0 = {
						CreatedOnToolsVersion = 9.0;
						ProvisioningStyle = Automatic;
					};
					73AFDF171F9157F900520BA0 = {
						CreatedOnToolsVersion = 9.0;
						ProvisioningStyle = Automatic;
						TestTargetID = 73AFDF031F9157F900520BA0;
					};
				};
			};
			buildConfigurationList = 73AFDEFF1F9157F900520BA0 /* Build configuration list for PBXProject "whitehouse_petitions" */;
			compatibilityVersion = "Xcode 8.0";
			developmentRegion = en;
			hasScannedForEncodings = 0;
			knownRegions = (
				en,
				Base,
			);
			mainGroup = 73AFDEFB1F9157F900520BA0;
			productRefGroup = 73AFDF051F9157F900520BA0 /* Products */;
			projectDirPath = "";
			projectRoot = "";
			targets = (
				73AFDF031F9157F900520BA0 /* whitehouse_petitions */,
				73AFDF171F9157F900520BA0 /* whitehouse_petitionsTests */,
			);
		};
/* End PBXProject section */

/* Begin PBXResourcesBuildPhase section */
		73AFDF021F9157F900520BA0 /* Resources */ = {
			isa = PBXResourcesBuildPhase;
			buildActionMask = 2147483647;
			files = (
				73AFDF121F9157F900520BA0 /* LaunchScreen.storyboard in Resources */,
				73AFDF0F1F9157F900520BA0 /* Assets.xcassets in Resources */,
				73AFDF0D1F9157F900520BA0 /* Main.storyboard in Resources */,
			);
			runOnlyForDeploymentPostprocessing = 0;
		};
		73AFDF161F9157F900520BA0 /* Resources */ = {
			isa = PBXResourcesBuildPhase;
			buildActionMask = 2147483647;
			files = (
			);
			runOnlyForDeploymentPostprocessing = 0;
		};
/* End PBXResourcesBuildPhase section */

/* Begin PBXSourcesBuildPhase section */
		73AFDF001F9157F900520BA0 /* Sources */ = {
			isa = PBXSourcesBuildPhase;
			buildActionMask = 2147483647;
			files = (
				73AFDF0A1F9157F900520BA0 /* ViewController.swift in Sources */,
				73AFDF081F9157F900520BA0 /* AppDelegate.swift in Sources */,
			);
			runOnlyForDeploymentPostprocessing = 0;
		};
		73AFDF141F9157F900520BA0 /* Sources */ = {
			isa = PBXSourcesBuildPhase;
			buildActionMask = 2147483647;
			files = (
				73AFDF1D1F9157F900520BA0 /* whitehouse_petitionsTests.swift in Sources */,
			);
			runOnlyForDeploymentPostprocessing = 0;
		};
/* End PBXSourcesBuildPhase section */

/* Begin PBXTargetDependency section */
		73AFDF1A1F9157F900520BA0 /* PBXTargetDependency */ = {
			isa = PBXTargetDependency;
			target = 73AFDF031F9157F900520BA0 /* whitehouse_petitions */;
			targetProxy = 73AFDF191F9157F900520BA0 /* PBXContainerItemProxy */;
		};
/* End PBXTargetDependency section */

/* Begin PBXVariantGroup section */
		73AFDF0B1F9157F900520BA0 /* Main.storyboard */ = {
			isa = PBXVariantGroup;
			children = (
				73AFDF0C1F9157F900520BA0 /* Base */,
			);
			name = Main.storyboard;
			sourceTree = "<group>";
		};
		73AFDF101F9157F900520BA0 /* LaunchScreen.storyboard */ = {
			isa = PBXVariantGroup;
			children = (
				73AFDF111F9157F900520BA0 /* Base */,
			);
			name = LaunchScreen.storyboard;
			sourceTree = "<group>";
		};
/* End PBXVariantGroup section */

/* Begin XCBuildConfiguration section */
		73AFDF1F1F9157F900520BA0 /* Debug */ = {
			isa = XCBuildConfiguration;
			buildSettings = {
				ALWAYS_SEARCH_USER_PATHS = NO;
				CLANG_ANALYZER_NONNULL = YES;
				CLANG_ANALYZER_NUMBER_OBJECT_CONVERSION = YES_AGGRESSIVE;
				CLANG_CXX_LANGUAGE_STANDARD = "gnu++14";
				CLANG_CXX_LIBRARY = "libc++";
				CLANG_ENABLE_MODULES = YES;
				CLANG_ENABLE_OBJC_ARC = YES;
				CLANG_WARN_BLOCK_CAPTURE_AUTORELEASING = YES;
				CLANG_WARN_BOOL_CONVERSION = YES;
				CLANG_WARN_COMMA = YES;
				CLANG_WARN_CONSTANT_CONVERSION = YES;
				CLANG_WARN_DIRECT_OBJC_ISA_USAGE = YES_ERROR;
				CLANG_WARN_DOCUMENTATION_COMMENTS = YES;
				CLANG_WARN_EMPTY_BODY = YES;
				CLANG_WARN_ENUM_CONVERSION = YES;
				CLANG_WARN_INFINITE_RECURSION = YES;
				CLANG_WARN_INT_CONVERSION = YES;
				CLANG_WARN_NON_LITERAL_NULL_CONVERSION = YES;
				CLANG_WARN_OBJC_LITERAL_CONVERSION = YES;
				CLANG_WARN_OBJC_ROOT_CLASS = YES_ERROR;
				CLANG_WARN_RANGE_LOOP_ANALYSIS = YES;
				CLANG_WARN_STRICT_PROTOTYPES = YES;
				CLANG_WARN_SUSPICIOUS_MOVE = YES;
				CLANG_WARN_UNGUARDED_AVAILABILITY = YES_AGGRESSIVE;
				CLANG_WARN_UNREACHABLE_CODE = YES;
				CLANG_WARN__DUPLICATE_METHOD_MATCH = YES;
				CODE_SIGN_IDENTITY = "iPhone Developer";
				COPY_PHASE_STRIP = NO;
				DEBUG_INFORMATION_FORMAT = dwarf;
				ENABLE_STRICT_OBJC_MSGSEND = YES;
				ENABLE_TESTABILITY = YES;
				GCC_C_LANGUAGE_STANDARD = gnu11;
				GCC_DYNAMIC_NO_PIC = NO;
				GCC_NO_COMMON_BLOCKS = YES;
				GCC_OPTIMIZATION_LEVEL = 0;
				GCC_PREPROCESSOR_DEFINITIONS = (
					"DEBUG=1",
					"$(inherited)",
				);
				GCC_WARN_64_TO_32_BIT_CONVERSION = YES;
				GCC_WARN_ABOUT_RETURN_TYPE = YES_ERROR;
				GCC_WARN_UNDECLARED_SELECTOR = YES;
				GCC_WARN_UNINITIALIZED_AUTOS = YES_AGGRESSIVE;
				GCC_WARN_UNUSED_FUNCTION = YES;
				GCC_WARN_UNUSED_VARIABLE = YES;
				IPHONEOS_DEPLOYMENT_TARGET = 11.0;
				MTL_ENABLE_DEBUG_INFO = YES;
				ONLY_ACTIVE_ARCH = YES;
				SDKROOT = iphoneos;
				SWIFT_ACTIVE_COMPILATION_CONDITIONS = DEBUG;
				SWIFT_OPTIMIZATION_LEVEL = "-Onone";
			};
			name = Debug;
		};
		73AFDF201F9157F900520BA0 /* Release */ = {
			isa = XCBuildConfiguration;
			buildSettings = {
				ALWAYS_SEARCH_USER_PATHS = NO;
				CLANG_ANALYZER_NONNULL = YES;
				CLANG_ANALYZER_NUMBER_OBJECT_CONVERSION = YES_AGGRESSIVE;
				CLANG_CXX_LANGUAGE_STANDARD = "gnu++14";
				CLANG_CXX_LIBRARY = "libc++";
				CLANG_ENABLE_MODULES = YES;
				CLANG_ENABLE_OBJC_ARC = YES;
				CLANG_WARN_BLOCK_CAPTURE_AUTORELEASING = YES;
				CLANG_WARN_BOOL_CONVERSION = YES;
				CLANG_WARN_COMMA = YES;
				CLANG_WARN_CONSTANT_CONVERSION = YES;
				CLANG_WARN_DIRECT_OBJC_ISA_USAGE = YES_ERROR;
				CLANG_WARN_DOCUMENTATION_COMMENTS = YES;
				CLANG_WARN_EMPTY_BODY = YES;
				CLANG_WARN_ENUM_CONVERSION = YES;
				CLANG_WARN_INFINITE_RECURSION = YES;
				CLANG_WARN_INT_CONVERSION = YES;
				CLANG_WARN_NON_LITERAL_NULL_CONVERSION = YES;
				CLANG_WARN_OBJC_LITERAL_CONVERSION = YES;
				CLANG_WARN_OBJC_ROOT_CLASS = YES_ERROR;
				CLANG_WARN_RANGE_LOOP_ANALYSIS = YES;
				CLANG_WARN_STRICT_PROTOTYPES = YES;
				CLANG_WARN_SUSPICIOUS_MOVE = YES;
				CLANG_WARN_UNGUARDED_AVAILABILITY = YES_AGGRESSIVE;
				CLANG_WARN_UNREACHABLE_CODE = YES;
				CLANG_WARN__DUPLICATE_METHOD_MATCH = YES;
				CODE_SIGN_IDENTITY = "iPhone Developer";
				COPY_PHASE_STRIP = NO;
				DEBUG_INFORMATION_FORMAT = "dwarf-with-dsym";
				ENABLE_NS_ASSERTIONS = NO;
				ENABLE_STRICT_OBJC_MSGSEND = YES;
				GCC_C_LANGUAGE_STANDARD = gnu11;
				GCC_NO_COMMON_BLOCKS = YES;
				GCC_WARN_64_TO_32_BIT_CONVERSION = YES;
				GCC_WARN_ABOUT_RETURN_TYPE = YES_ERROR;
				GCC_WARN_UNDECLARED_SELECTOR = YES;
				GCC_WARN_UNINITIALIZED_AUTOS = YES_AGGRESSIVE;
				GCC_WARN_UNUSED_FUNCTION = YES;
				GCC_WARN_UNUSED_VARIABLE = YES;
				IPHONEOS_DEPLOYMENT_TARGET = 11.0;
				MTL_ENABLE_DEBUG_INFO = NO;
				SDKROOT = iphoneos;
				SWIFT_OPTIMIZATION_LEVEL = "-Owholemodule";
				VALIDATE_PRODUCT = YES;
			};
			name = Release;
		};
		73AFDF221F9157F900520BA0 /* Debug */ = {
			isa = XCBuildConfiguration;
			buildSettings = {
				ASSETCATALOG_COMPILER_APPICON_NAME = AppIcon;
				CODE_SIGN_STYLE = Automatic;
				INFOPLIST_FILE = whitehouse_petitions/Info.plist;
				LD_RUNPATH_SEARCH_PATHS = "$(inherited) @executable_path/Frameworks";
				PRODUCT_BUNDLE_IDENTIFIER = "com.erinmoony.whitehouse-petitions";
				PRODUCT_NAME = "$(TARGET_NAME)";
				SWIFT_VERSION = 4.0;
				TARGETED_DEVICE_FAMILY = "1,2";
			};
			name = Debug;
		};
		73AFDF231F9157F900520BA0 /* Release */ = {
			isa = XCBuildConfiguration;
			buildSettings = {
				ASSETCATALOG_COMPILER_APPICON_NAME = AppIcon;
				CODE_SIGN_STYLE = Automatic;
				INFOPLIST_FILE = whitehouse_petitions/Info.plist;
				LD_RUNPATH_SEARCH_PATHS = "$(inherited) @executable_path/Frameworks";
				PRODUCT_BUNDLE_IDENTIFIER = "com.erinmoony.whitehouse-petitions";
				PRODUCT_NAME = "$(TARGET_NAME)";
				SWIFT_VERSION = 4.0;
				TARGETED_DEVICE_FAMILY = "1,2";
			};
			name = Release;
		};
		73AFDF251F9157F900520BA0 /* Debug */ = {
			isa = XCBuildConfiguration;
			buildSettings = {
				ALWAYS_EMBED_SWIFT_STANDARD_LIBRARIES = YES;
				BUNDLE_LOADER = "$(TEST_HOST)";
				CODE_SIGN_STYLE = Automatic;
				INFOPLIST_FILE = whitehouse_petitionsTests/Info.plist;
				LD_RUNPATH_SEARCH_PATHS = "$(inherited) @executable_path/Frameworks @loader_path/Frameworks";
				PRODUCT_BUNDLE_IDENTIFIER = "com.erinmoony.whitehouse-petitionsTests";
				PRODUCT_NAME = "$(TARGET_NAME)";
				SWIFT_VERSION = 4.0;
				TARGETED_DEVICE_FAMILY = "1,2";
				TEST_HOST = "$(BUILT_PRODUCTS_DIR)/whitehouse_petitions.app/whitehouse_petitions";
			};
			name = Debug;
		};
		73AFDF261F9157F900520BA0 /* Release */ = {
			isa = XCBuildConfiguration;
			buildSettings = {
				ALWAYS_EMBED_SWIFT_STANDARD_LIBRARIES = YES;
				BUNDLE_LOADER = "$(TEST_HOST)";
				CODE_SIGN_STYLE = Automatic;
				INFOPLIST_FILE = whitehouse_petitionsTests/Info.plist;
				LD_RUNPATH_SEARCH_PATHS = "$(inherited) @executable_path/Frameworks @loader_path/Frameworks";
				PRODUCT_BUNDLE_IDENTIFIER = "com.erinmoony.whitehouse-petitionsTests";
				PRODUCT_NAME = "$(TARGET_NAME)";
				SWIFT_VERSION = 4.0;
				TARGETED_DEVICE_FAMILY = "1,2";
				TEST_HOST = "$(BUILT_PRODUCTS_DIR)/whitehouse_petitions.app/whitehouse_petitions";
			};
			name = Release;
		};
/* End XCBuildConfiguration section */

/* Begin XCConfigurationList section */
		73AFDEFF1F9157F900520BA0 /* Build configuration list for PBXProject "whitehouse_petitions" */ = {
			isa = XCConfigurationList;
			buildConfigurations = (
				73AFDF1F1F9157F900520BA0 /* Debug */,
				73AFDF201F9157F900520BA0 /* Release */,
			);
			defaultConfigurationIsVisible = 0;
			defaultConfigurationName = Release;
		};
		73AFDF211F9157F900520BA0 /* Build configuration list for PBXNativeTarget "whitehouse_petitions" */ = {
			isa = XCConfigurationList;
			buildConfigurations = (
				73AFDF221F9157F900520BA0 /* Debug */,
				73AFDF231F9157F900520BA0 /* Release */,
			);
			defaultConfigurationIsVisible = 0;
			defaultConfigurationName = Release;
		};
		73AFDF241F9157F900520BA0 /* Build configuration list for PBXNativeTarget "whitehouse_petitionsTests" */ = {
			isa = XCConfigurationList;
			buildConfigurations = (
				73AFDF251F9157F900520BA0 /* Debug */,
				73AFDF261F9157F900520BA0 /* Release */,
			);
			defaultConfigurationIsVisible = 0;
			defaultConfigurationName = Release;
		};
/* End XCConfigurationList section */
	};
	rootObject = 73AFDEFC1F9157F900520BA0 /* Project object */;
}
